// !$*UTF8*$!
{
	archiveVersion = 1;
	classes = {
	};
	objectVersion = 55;
	objects = {

/* Begin PBXBuildFile section */
		7D1FEA5A977DC502A0DB04DC /* libPods-CoFi.a in Frameworks */ = {isa = PBXBuildFile; fileRef = 36E44D2D2B34ED6181B80EFC /* libPods-CoFi.a */; };
		BD351CEE27683D5600A42054 /* SelectReminderTimePresenter.swift in Sources */ = {isa = PBXBuildFile; fileRef = BD351CE827683D5600A42054 /* SelectReminderTimePresenter.swift */; };
		BD351CEF27683D5600A42054 /* SelectReminderTimeRouter.swift in Sources */ = {isa = PBXBuildFile; fileRef = BD351CE927683D5600A42054 /* SelectReminderTimeRouter.swift */; };
		BD351CF027683D5600A42054 /* SelectReminderTimeModels.swift in Sources */ = {isa = PBXBuildFile; fileRef = BD351CEA27683D5600A42054 /* SelectReminderTimeModels.swift */; };
		BD351CF127683D5600A42054 /* SelectReminderTimeInteractor.swift in Sources */ = {isa = PBXBuildFile; fileRef = BD351CEB27683D5600A42054 /* SelectReminderTimeInteractor.swift */; };
		BD351CF227683D5600A42054 /* SelectReminderTimeProtocol.swift in Sources */ = {isa = PBXBuildFile; fileRef = BD351CEC27683D5600A42054 /* SelectReminderTimeProtocol.swift */; };
		BD351CF327683D5600A42054 /* SelectReminderTimeVC.swift in Sources */ = {isa = PBXBuildFile; fileRef = BD351CED27683D5600A42054 /* SelectReminderTimeVC.swift */; };
		BD8AFE202768AE6E00131FE5 /* ItemCell.swift in Sources */ = {isa = PBXBuildFile; fileRef = BD8AFE1F2768AE6E00131FE5 /* ItemCell.swift */; };
		BD9BF46C276607090020CE8D /* AppDelegate.swift in Sources */ = {isa = PBXBuildFile; fileRef = BD9BF46B276607090020CE8D /* AppDelegate.swift */; };
		BD9BF46E276607090020CE8D /* SceneDelegate.swift in Sources */ = {isa = PBXBuildFile; fileRef = BD9BF46D276607090020CE8D /* SceneDelegate.swift */; };
		BD9BF4752766070B0020CE8D /* Assets.xcassets in Resources */ = {isa = PBXBuildFile; fileRef = BD9BF4742766070B0020CE8D /* Assets.xcassets */; };
		BD9BF4782766070B0020CE8D /* LaunchScreen.storyboard in Resources */ = {isa = PBXBuildFile; fileRef = BD9BF4762766070B0020CE8D /* LaunchScreen.storyboard */; };
		BD9BF486276607E50020CE8D /* GroupPresenter.swift in Sources */ = {isa = PBXBuildFile; fileRef = BD9BF480276607E50020CE8D /* GroupPresenter.swift */; };
		BD9BF487276607E50020CE8D /* GroupRouter.swift in Sources */ = {isa = PBXBuildFile; fileRef = BD9BF481276607E50020CE8D /* GroupRouter.swift */; };
		BD9BF488276607E50020CE8D /* GroupModels.swift in Sources */ = {isa = PBXBuildFile; fileRef = BD9BF482276607E50020CE8D /* GroupModels.swift */; };
		BD9BF489276607E50020CE8D /* GroupInteractor.swift in Sources */ = {isa = PBXBuildFile; fileRef = BD9BF483276607E50020CE8D /* GroupInteractor.swift */; };
		BD9BF48A276607E50020CE8D /* GroupProtocol.swift in Sources */ = {isa = PBXBuildFile; fileRef = BD9BF484276607E50020CE8D /* GroupProtocol.swift */; };
		BD9BF48B276607E50020CE8D /* GroupVC.swift in Sources */ = {isa = PBXBuildFile; fileRef = BD9BF485276607E50020CE8D /* GroupVC.swift */; };
		BD9BF494276608270020CE8D /* DashboardPresenter.swift in Sources */ = {isa = PBXBuildFile; fileRef = BD9BF48E276608270020CE8D /* DashboardPresenter.swift */; };
		BD9BF495276608270020CE8D /* DashboardRouter.swift in Sources */ = {isa = PBXBuildFile; fileRef = BD9BF48F276608270020CE8D /* DashboardRouter.swift */; };
		BD9BF496276608270020CE8D /* DashboardModels.swift in Sources */ = {isa = PBXBuildFile; fileRef = BD9BF490276608270020CE8D /* DashboardModels.swift */; };
		BD9BF497276608270020CE8D /* DashboardInteractor.swift in Sources */ = {isa = PBXBuildFile; fileRef = BD9BF491276608270020CE8D /* DashboardInteractor.swift */; };
		BD9BF498276608270020CE8D /* DashboardProtocol.swift in Sources */ = {isa = PBXBuildFile; fileRef = BD9BF492276608270020CE8D /* DashboardProtocol.swift */; };
		BD9BF499276608270020CE8D /* DashboardVC.swift in Sources */ = {isa = PBXBuildFile; fileRef = BD9BF493276608270020CE8D /* DashboardVC.swift */; };
		BD9BF4A1276608420020CE8D /* TransactionPresenter.swift in Sources */ = {isa = PBXBuildFile; fileRef = BD9BF49B276608420020CE8D /* TransactionPresenter.swift */; };
		BD9BF4A2276608420020CE8D /* TransactionRouter.swift in Sources */ = {isa = PBXBuildFile; fileRef = BD9BF49C276608420020CE8D /* TransactionRouter.swift */; };
		BD9BF4A3276608420020CE8D /* TransactionModels.swift in Sources */ = {isa = PBXBuildFile; fileRef = BD9BF49D276608420020CE8D /* TransactionModels.swift */; };
		BD9BF4A4276608420020CE8D /* TransactionInteractor.swift in Sources */ = {isa = PBXBuildFile; fileRef = BD9BF49E276608420020CE8D /* TransactionInteractor.swift */; };
		BD9BF4A5276608420020CE8D /* TransactionProtocol.swift in Sources */ = {isa = PBXBuildFile; fileRef = BD9BF49F276608420020CE8D /* TransactionProtocol.swift */; };
		BD9BF4A6276608420020CE8D /* TransactionVC.swift in Sources */ = {isa = PBXBuildFile; fileRef = BD9BF4A0276608420020CE8D /* TransactionVC.swift */; };
		BD9BF4AE2766088C0020CE8D /* TabBarPresenter.swift in Sources */ = {isa = PBXBuildFile; fileRef = BD9BF4A82766088C0020CE8D /* TabBarPresenter.swift */; };
		BD9BF4AF2766088C0020CE8D /* TabBarRouter.swift in Sources */ = {isa = PBXBuildFile; fileRef = BD9BF4A92766088C0020CE8D /* TabBarRouter.swift */; };
		BD9BF4B02766088C0020CE8D /* TabBarModels.swift in Sources */ = {isa = PBXBuildFile; fileRef = BD9BF4AA2766088C0020CE8D /* TabBarModels.swift */; };
		BD9BF4B12766088C0020CE8D /* TabBarInteractor.swift in Sources */ = {isa = PBXBuildFile; fileRef = BD9BF4AB2766088C0020CE8D /* TabBarInteractor.swift */; };
		BD9BF4B22766088C0020CE8D /* TabBarProtocol.swift in Sources */ = {isa = PBXBuildFile; fileRef = BD9BF4AC2766088C0020CE8D /* TabBarProtocol.swift */; };
		BD9BF4B32766088C0020CE8D /* TabBarVC.swift in Sources */ = {isa = PBXBuildFile; fileRef = BD9BF4AD2766088C0020CE8D /* TabBarVC.swift */; };
		BD9BF4BA27660A070020CE8D /* Constants.swift in Sources */ = {isa = PBXBuildFile; fileRef = BD9BF4B927660A070020CE8D /* Constants.swift */; };
		BD9BF4BD27660BC70020CE8D /* Configures.swift in Sources */ = {isa = PBXBuildFile; fileRef = BD9BF4BC27660BC70020CE8D /* Configures.swift */; };
		BD9BF4BF27660C6C0020CE8D /* Extension + UIViewController.swift in Sources */ = {isa = PBXBuildFile; fileRef = BD9BF4BE27660C6C0020CE8D /* Extension + UIViewController.swift */; };
		BD9BF4C4276635E80020CE8D /* Strings+Generated.swift in Sources */ = {isa = PBXBuildFile; fileRef = BD9BF4C2276635E80020CE8D /* Strings+Generated.swift */; };
		BD9BF4C5276635E80020CE8D /* Assets+Generated.swift in Sources */ = {isa = PBXBuildFile; fileRef = BD9BF4C3276635E80020CE8D /* Assets+Generated.swift */; };
		BD9BF4C8276651840020CE8D /* MainCardCell.swift in Sources */ = {isa = PBXBuildFile; fileRef = BD9BF4C7276651840020CE8D /* MainCardCell.swift */; };
		BD9BF4CA276653D90020CE8D /* Extension + UIView.swift in Sources */ = {isa = PBXBuildFile; fileRef = BD9BF4C9276653D90020CE8D /* Extension + UIView.swift */; };
		BD9BF4CC27667D540020CE8D /* UpcomingCell.swift in Sources */ = {isa = PBXBuildFile; fileRef = BD9BF4CB27667D540020CE8D /* UpcomingCell.swift */; };
		BD9BF4CE2766AB9C0020CE8D /* Extension + Date.swift in Sources */ = {isa = PBXBuildFile; fileRef = BD9BF4CD2766AB9C0020CE8D /* Extension + Date.swift */; };
		BD9BF4D02766ABB90020CE8D /* Extension + String.swift in Sources */ = {isa = PBXBuildFile; fileRef = BD9BF4CF2766ABB90020CE8D /* Extension + String.swift */; };
		BD9BF4D22766AC030020CE8D /* UserDefault.swift in Sources */ = {isa = PBXBuildFile; fileRef = BD9BF4D12766AC030020CE8D /* UserDefault.swift */; };
		BD9BF4D52766AF430020CE8D /* TransactionCell.swift in Sources */ = {isa = PBXBuildFile; fileRef = BD9BF4D42766AF430020CE8D /* TransactionCell.swift */; };
		BD9BF4D827674A2E0020CE8D /* MemberCell.swift in Sources */ = {isa = PBXBuildFile; fileRef = BD9BF4D727674A2E0020CE8D /* MemberCell.swift */; };
		BD9BF4DA27674A4E0020CE8D /* GroupCell.swift in Sources */ = {isa = PBXBuildFile; fileRef = BD9BF4D927674A4E0020CE8D /* GroupCell.swift */; };
		BD9BF4E227675A640020CE8D /* GroupDetailsPresenter.swift in Sources */ = {isa = PBXBuildFile; fileRef = BD9BF4DC27675A640020CE8D /* GroupDetailsPresenter.swift */; };
		BD9BF4E327675A640020CE8D /* GroupDetailsRouter.swift in Sources */ = {isa = PBXBuildFile; fileRef = BD9BF4DD27675A640020CE8D /* GroupDetailsRouter.swift */; };
		BD9BF4E427675A640020CE8D /* GroupDetailsModels.swift in Sources */ = {isa = PBXBuildFile; fileRef = BD9BF4DE27675A640020CE8D /* GroupDetailsModels.swift */; };
		BD9BF4E527675A640020CE8D /* GroupDetailsInteractor.swift in Sources */ = {isa = PBXBuildFile; fileRef = BD9BF4DF27675A640020CE8D /* GroupDetailsInteractor.swift */; };
		BD9BF4E627675A640020CE8D /* GroupDetailsProtocol.swift in Sources */ = {isa = PBXBuildFile; fileRef = BD9BF4E027675A640020CE8D /* GroupDetailsProtocol.swift */; };
		BD9BF4E727675A640020CE8D /* GroupDetailsVC.swift in Sources */ = {isa = PBXBuildFile; fileRef = BD9BF4E127675A640020CE8D /* GroupDetailsVC.swift */; };
		BD9BF4F227678B9C0020CE8D /* CreateGroupPresenter.swift in Sources */ = {isa = PBXBuildFile; fileRef = BD9BF4EC27678B9C0020CE8D /* CreateGroupPresenter.swift */; };
		BD9BF4F327678B9C0020CE8D /* CreateGroupRouter.swift in Sources */ = {isa = PBXBuildFile; fileRef = BD9BF4ED27678B9C0020CE8D /* CreateGroupRouter.swift */; };
		BD9BF4F427678B9C0020CE8D /* CreateGroupModels.swift in Sources */ = {isa = PBXBuildFile; fileRef = BD9BF4EE27678B9C0020CE8D /* CreateGroupModels.swift */; };
		BD9BF4F527678B9C0020CE8D /* CreateGroupInteractor.swift in Sources */ = {isa = PBXBuildFile; fileRef = BD9BF4EF27678B9C0020CE8D /* CreateGroupInteractor.swift */; };
		BD9BF4F627678B9C0020CE8D /* CreateGroupProtocol.swift in Sources */ = {isa = PBXBuildFile; fileRef = BD9BF4F027678B9C0020CE8D /* CreateGroupProtocol.swift */; };
		BD9BF4F727678B9C0020CE8D /* CreateGroupVC.swift in Sources */ = {isa = PBXBuildFile; fileRef = BD9BF4F127678B9C0020CE8D /* CreateGroupVC.swift */; };
		BD9BF4FA2767B5F10020CE8D /* MemberSelectedCell.swift in Sources */ = {isa = PBXBuildFile; fileRef = BD9BF4F92767B5F10020CE8D /* MemberSelectedCell.swift */; };
		BD9BF4FD2767B6DF0020CE8D /* MemberGroupCell.swift in Sources */ = {isa = PBXBuildFile; fileRef = BD9BF4FC2767B6DF0020CE8D /* MemberGroupCell.swift */; };
		BD9BF5022767BC270020CE8D /* Extension + UIButton.swift in Sources */ = {isa = PBXBuildFile; fileRef = BD9BF5012767BC270020CE8D /* Extension + UIButton.swift */; };
		BD9BF50A2767C3380020CE8D /* InsertGroupDetailPresenter.swift in Sources */ = {isa = PBXBuildFile; fileRef = BD9BF5042767C3380020CE8D /* InsertGroupDetailPresenter.swift */; };
		BD9BF50B2767C3380020CE8D /* InsertGroupDetailRouter.swift in Sources */ = {isa = PBXBuildFile; fileRef = BD9BF5052767C3380020CE8D /* InsertGroupDetailRouter.swift */; };
		BD9BF50C2767C3380020CE8D /* InsertGroupDetailModels.swift in Sources */ = {isa = PBXBuildFile; fileRef = BD9BF5062767C3380020CE8D /* InsertGroupDetailModels.swift */; };
		BD9BF50D2767C3380020CE8D /* InsertGroupDetailInteractor.swift in Sources */ = {isa = PBXBuildFile; fileRef = BD9BF5072767C3380020CE8D /* InsertGroupDetailInteractor.swift */; };
		BD9BF50E2767C3380020CE8D /* InsertGroupDetailProtocol.swift in Sources */ = {isa = PBXBuildFile; fileRef = BD9BF5082767C3380020CE8D /* InsertGroupDetailProtocol.swift */; };
		BD9BF50F2767C3380020CE8D /* InsertGroupDetailVC.swift in Sources */ = {isa = PBXBuildFile; fileRef = BD9BF5092767C3380020CE8D /* InsertGroupDetailVC.swift */; };
		BD9BF5172767D53A0020CE8D /* CreateExpensePresenter.swift in Sources */ = {isa = PBXBuildFile; fileRef = BD9BF5112767D53A0020CE8D /* CreateExpensePresenter.swift */; };
		BD9BF5182767D53A0020CE8D /* CreateExpenseRouter.swift in Sources */ = {isa = PBXBuildFile; fileRef = BD9BF5122767D53A0020CE8D /* CreateExpenseRouter.swift */; };
		BD9BF5192767D53A0020CE8D /* CreateExpenseModels.swift in Sources */ = {isa = PBXBuildFile; fileRef = BD9BF5132767D53A0020CE8D /* CreateExpenseModels.swift */; };
		BD9BF51A2767D53A0020CE8D /* CreateExpenseInteractor.swift in Sources */ = {isa = PBXBuildFile; fileRef = BD9BF5142767D53A0020CE8D /* CreateExpenseInteractor.swift */; };
		BD9BF51B2767D53A0020CE8D /* CreateExpenseProtocol.swift in Sources */ = {isa = PBXBuildFile; fileRef = BD9BF5152767D53A0020CE8D /* CreateExpenseProtocol.swift */; };
		BD9BF51C2767D53A0020CE8D /* CreateExpenseVC.swift in Sources */ = {isa = PBXBuildFile; fileRef = BD9BF5162767D53A0020CE8D /* CreateExpenseVC.swift */; };
		BD9BF5242767D5A70020CE8D /* CreateBillPresenter.swift in Sources */ = {isa = PBXBuildFile; fileRef = BD9BF51E2767D5A70020CE8D /* CreateBillPresenter.swift */; };
		BD9BF5252767D5A70020CE8D /* CreateBillRouter.swift in Sources */ = {isa = PBXBuildFile; fileRef = BD9BF51F2767D5A70020CE8D /* CreateBillRouter.swift */; };
		BD9BF5262767D5A70020CE8D /* CreateBillModels.swift in Sources */ = {isa = PBXBuildFile; fileRef = BD9BF5202767D5A70020CE8D /* CreateBillModels.swift */; };
		BD9BF5272767D5A70020CE8D /* CreateBillInteractor.swift in Sources */ = {isa = PBXBuildFile; fileRef = BD9BF5212767D5A70020CE8D /* CreateBillInteractor.swift */; };
		BD9BF5282767D5A70020CE8D /* CreateBillProtocol.swift in Sources */ = {isa = PBXBuildFile; fileRef = BD9BF5222767D5A70020CE8D /* CreateBillProtocol.swift */; };
		BD9BF5292767D5A70020CE8D /* CreateBillVC.swift in Sources */ = {isa = PBXBuildFile; fileRef = BD9BF5232767D5A70020CE8D /* CreateBillVC.swift */; };
		BD9BF5312767D6C80020CE8D /* CreateDebtPresenter.swift in Sources */ = {isa = PBXBuildFile; fileRef = BD9BF52B2767D6C80020CE8D /* CreateDebtPresenter.swift */; };
		BD9BF5322767D6C80020CE8D /* CreateDebtRouter.swift in Sources */ = {isa = PBXBuildFile; fileRef = BD9BF52C2767D6C80020CE8D /* CreateDebtRouter.swift */; };
		BD9BF5332767D6C80020CE8D /* CreateDebtModels.swift in Sources */ = {isa = PBXBuildFile; fileRef = BD9BF52D2767D6C80020CE8D /* CreateDebtModels.swift */; };
		BD9BF5342767D6C80020CE8D /* CreateDebtInteractor.swift in Sources */ = {isa = PBXBuildFile; fileRef = BD9BF52E2767D6C80020CE8D /* CreateDebtInteractor.swift */; };
		BD9BF5352767D6C80020CE8D /* CreateDebtProtocol.swift in Sources */ = {isa = PBXBuildFile; fileRef = BD9BF52F2767D6C80020CE8D /* CreateDebtProtocol.swift */; };
		BD9BF5362767D6C80020CE8D /* CreateDebtVC.swift in Sources */ = {isa = PBXBuildFile; fileRef = BD9BF5302767D6C80020CE8D /* CreateDebtVC.swift */; };
		BD9BF53E2767D70B0020CE8D /* UserDebtDetailsPresenter.swift in Sources */ = {isa = PBXBuildFile; fileRef = BD9BF5382767D70B0020CE8D /* UserDebtDetailsPresenter.swift */; };
		BD9BF53F2767D70B0020CE8D /* UserDebtDetailsRouter.swift in Sources */ = {isa = PBXBuildFile; fileRef = BD9BF5392767D70B0020CE8D /* UserDebtDetailsRouter.swift */; };
		BD9BF5402767D70B0020CE8D /* UserDebtDetailsModels.swift in Sources */ = {isa = PBXBuildFile; fileRef = BD9BF53A2767D70B0020CE8D /* UserDebtDetailsModels.swift */; };
		BD9BF5412767D70B0020CE8D /* UserDebtDetailsInteractor.swift in Sources */ = {isa = PBXBuildFile; fileRef = BD9BF53B2767D70B0020CE8D /* UserDebtDetailsInteractor.swift */; };
		BD9BF5422767D70B0020CE8D /* UserDebtDetailsProtocol.swift in Sources */ = {isa = PBXBuildFile; fileRef = BD9BF53C2767D70B0020CE8D /* UserDebtDetailsProtocol.swift */; };
		BD9BF5432767D70B0020CE8D /* UserDebtDetailsVC.swift in Sources */ = {isa = PBXBuildFile; fileRef = BD9BF53D2767D70B0020CE8D /* UserDebtDetailsVC.swift */; };
		BDF765592768D0A9009AC3EF /* AddItemPresenter.swift in Sources */ = {isa = PBXBuildFile; fileRef = BDF765532768D0A9009AC3EF /* AddItemPresenter.swift */; };
		BDF7655A2768D0A9009AC3EF /* AddItemRouter.swift in Sources */ = {isa = PBXBuildFile; fileRef = BDF765542768D0A9009AC3EF /* AddItemRouter.swift */; };
		BDF7655B2768D0A9009AC3EF /* AddItemModels.swift in Sources */ = {isa = PBXBuildFile; fileRef = BDF765552768D0A9009AC3EF /* AddItemModels.swift */; };
		BDF7655C2768D0A9009AC3EF /* AddItemInteractor.swift in Sources */ = {isa = PBXBuildFile; fileRef = BDF765562768D0A9009AC3EF /* AddItemInteractor.swift */; };
		BDF7655D2768D0A9009AC3EF /* AddItemProtocol.swift in Sources */ = {isa = PBXBuildFile; fileRef = BDF765572768D0A9009AC3EF /* AddItemProtocol.swift */; };
		BDF7655E2768D0A9009AC3EF /* AddItemVC.swift in Sources */ = {isa = PBXBuildFile; fileRef = BDF765582768D0A9009AC3EF /* AddItemVC.swift */; };
/* End PBXBuildFile section */

/* Begin PBXFileReference section */
		36E44D2D2B34ED6181B80EFC /* libPods-CoFi.a */ = {isa = PBXFileReference; explicitFileType = archive.ar; includeInIndex = 0; path = "libPods-CoFi.a"; sourceTree = BUILT_PRODUCTS_DIR; };
		BD351CE827683D5600A42054 /* SelectReminderTimePresenter.swift */ = {isa = PBXFileReference; lastKnownFileType = sourcecode.swift; path = SelectReminderTimePresenter.swift; sourceTree = "<group>"; };
		BD351CE927683D5600A42054 /* SelectReminderTimeRouter.swift */ = {isa = PBXFileReference; lastKnownFileType = sourcecode.swift; path = SelectReminderTimeRouter.swift; sourceTree = "<group>"; };
		BD351CEA27683D5600A42054 /* SelectReminderTimeModels.swift */ = {isa = PBXFileReference; lastKnownFileType = sourcecode.swift; path = SelectReminderTimeModels.swift; sourceTree = "<group>"; };
		BD351CEB27683D5600A42054 /* SelectReminderTimeInteractor.swift */ = {isa = PBXFileReference; lastKnownFileType = sourcecode.swift; path = SelectReminderTimeInteractor.swift; sourceTree = "<group>"; };
		BD351CEC27683D5600A42054 /* SelectReminderTimeProtocol.swift */ = {isa = PBXFileReference; lastKnownFileType = sourcecode.swift; path = SelectReminderTimeProtocol.swift; sourceTree = "<group>"; };
		BD351CED27683D5600A42054 /* SelectReminderTimeVC.swift */ = {isa = PBXFileReference; lastKnownFileType = sourcecode.swift; path = SelectReminderTimeVC.swift; sourceTree = "<group>"; };
		BD8AFE1F2768AE6E00131FE5 /* ItemCell.swift */ = {isa = PBXFileReference; lastKnownFileType = sourcecode.swift; path = ItemCell.swift; sourceTree = "<group>"; };
		BD9BF468276607090020CE8D /* CoFi.app */ = {isa = PBXFileReference; explicitFileType = wrapper.application; includeInIndex = 0; path = CoFi.app; sourceTree = BUILT_PRODUCTS_DIR; };
		BD9BF46B276607090020CE8D /* AppDelegate.swift */ = {isa = PBXFileReference; lastKnownFileType = sourcecode.swift; path = AppDelegate.swift; sourceTree = "<group>"; };
		BD9BF46D276607090020CE8D /* SceneDelegate.swift */ = {isa = PBXFileReference; lastKnownFileType = sourcecode.swift; path = SceneDelegate.swift; sourceTree = "<group>"; };
		BD9BF4742766070B0020CE8D /* Assets.xcassets */ = {isa = PBXFileReference; lastKnownFileType = folder.assetcatalog; path = Assets.xcassets; sourceTree = "<group>"; };
		BD9BF4772766070B0020CE8D /* Base */ = {isa = PBXFileReference; lastKnownFileType = file.storyboard; name = Base; path = Base.lproj/LaunchScreen.storyboard; sourceTree = "<group>"; };
		BD9BF4792766070B0020CE8D /* Info.plist */ = {isa = PBXFileReference; lastKnownFileType = text.plist.xml; path = Info.plist; sourceTree = "<group>"; };
		BD9BF480276607E50020CE8D /* GroupPresenter.swift */ = {isa = PBXFileReference; lastKnownFileType = sourcecode.swift; path = GroupPresenter.swift; sourceTree = "<group>"; };
		BD9BF481276607E50020CE8D /* GroupRouter.swift */ = {isa = PBXFileReference; lastKnownFileType = sourcecode.swift; path = GroupRouter.swift; sourceTree = "<group>"; };
		BD9BF482276607E50020CE8D /* GroupModels.swift */ = {isa = PBXFileReference; lastKnownFileType = sourcecode.swift; path = GroupModels.swift; sourceTree = "<group>"; };
		BD9BF483276607E50020CE8D /* GroupInteractor.swift */ = {isa = PBXFileReference; lastKnownFileType = sourcecode.swift; path = GroupInteractor.swift; sourceTree = "<group>"; };
		BD9BF484276607E50020CE8D /* GroupProtocol.swift */ = {isa = PBXFileReference; lastKnownFileType = sourcecode.swift; path = GroupProtocol.swift; sourceTree = "<group>"; };
		BD9BF485276607E50020CE8D /* GroupVC.swift */ = {isa = PBXFileReference; lastKnownFileType = sourcecode.swift; path = GroupVC.swift; sourceTree = "<group>"; };
		BD9BF48E276608270020CE8D /* DashboardPresenter.swift */ = {isa = PBXFileReference; lastKnownFileType = sourcecode.swift; path = DashboardPresenter.swift; sourceTree = "<group>"; };
		BD9BF48F276608270020CE8D /* DashboardRouter.swift */ = {isa = PBXFileReference; lastKnownFileType = sourcecode.swift; path = DashboardRouter.swift; sourceTree = "<group>"; };
		BD9BF490276608270020CE8D /* DashboardModels.swift */ = {isa = PBXFileReference; lastKnownFileType = sourcecode.swift; path = DashboardModels.swift; sourceTree = "<group>"; };
		BD9BF491276608270020CE8D /* DashboardInteractor.swift */ = {isa = PBXFileReference; lastKnownFileType = sourcecode.swift; path = DashboardInteractor.swift; sourceTree = "<group>"; };
		BD9BF492276608270020CE8D /* DashboardProtocol.swift */ = {isa = PBXFileReference; lastKnownFileType = sourcecode.swift; path = DashboardProtocol.swift; sourceTree = "<group>"; };
		BD9BF493276608270020CE8D /* DashboardVC.swift */ = {isa = PBXFileReference; lastKnownFileType = sourcecode.swift; path = DashboardVC.swift; sourceTree = "<group>"; };
		BD9BF49B276608420020CE8D /* TransactionPresenter.swift */ = {isa = PBXFileReference; lastKnownFileType = sourcecode.swift; path = TransactionPresenter.swift; sourceTree = "<group>"; };
		BD9BF49C276608420020CE8D /* TransactionRouter.swift */ = {isa = PBXFileReference; lastKnownFileType = sourcecode.swift; path = TransactionRouter.swift; sourceTree = "<group>"; };
		BD9BF49D276608420020CE8D /* TransactionModels.swift */ = {isa = PBXFileReference; lastKnownFileType = sourcecode.swift; path = TransactionModels.swift; sourceTree = "<group>"; };
		BD9BF49E276608420020CE8D /* TransactionInteractor.swift */ = {isa = PBXFileReference; lastKnownFileType = sourcecode.swift; path = TransactionInteractor.swift; sourceTree = "<group>"; };
		BD9BF49F276608420020CE8D /* TransactionProtocol.swift */ = {isa = PBXFileReference; lastKnownFileType = sourcecode.swift; path = TransactionProtocol.swift; sourceTree = "<group>"; };
		BD9BF4A0276608420020CE8D /* TransactionVC.swift */ = {isa = PBXFileReference; lastKnownFileType = sourcecode.swift; path = TransactionVC.swift; sourceTree = "<group>"; };
		BD9BF4A82766088C0020CE8D /* TabBarPresenter.swift */ = {isa = PBXFileReference; lastKnownFileType = sourcecode.swift; path = TabBarPresenter.swift; sourceTree = "<group>"; };
		BD9BF4A92766088C0020CE8D /* TabBarRouter.swift */ = {isa = PBXFileReference; lastKnownFileType = sourcecode.swift; path = TabBarRouter.swift; sourceTree = "<group>"; };
		BD9BF4AA2766088C0020CE8D /* TabBarModels.swift */ = {isa = PBXFileReference; lastKnownFileType = sourcecode.swift; path = TabBarModels.swift; sourceTree = "<group>"; };
		BD9BF4AB2766088C0020CE8D /* TabBarInteractor.swift */ = {isa = PBXFileReference; lastKnownFileType = sourcecode.swift; path = TabBarInteractor.swift; sourceTree = "<group>"; };
		BD9BF4AC2766088C0020CE8D /* TabBarProtocol.swift */ = {isa = PBXFileReference; lastKnownFileType = sourcecode.swift; path = TabBarProtocol.swift; sourceTree = "<group>"; };
		BD9BF4AD2766088C0020CE8D /* TabBarVC.swift */ = {isa = PBXFileReference; lastKnownFileType = sourcecode.swift; path = TabBarVC.swift; sourceTree = "<group>"; };
		BD9BF4B927660A070020CE8D /* Constants.swift */ = {isa = PBXFileReference; lastKnownFileType = sourcecode.swift; path = Constants.swift; sourceTree = "<group>"; };
		BD9BF4BC27660BC70020CE8D /* Configures.swift */ = {isa = PBXFileReference; fileEncoding = 4; lastKnownFileType = sourcecode.swift; path = Configures.swift; sourceTree = "<group>"; };
		BD9BF4BE27660C6C0020CE8D /* Extension + UIViewController.swift */ = {isa = PBXFileReference; lastKnownFileType = sourcecode.swift; path = "Extension + UIViewController.swift"; sourceTree = "<group>"; };
		BD9BF4C2276635E80020CE8D /* Strings+Generated.swift */ = {isa = PBXFileReference; fileEncoding = 4; lastKnownFileType = sourcecode.swift; path = "Strings+Generated.swift"; sourceTree = "<group>"; };
		BD9BF4C3276635E80020CE8D /* Assets+Generated.swift */ = {isa = PBXFileReference; fileEncoding = 4; lastKnownFileType = sourcecode.swift; path = "Assets+Generated.swift"; sourceTree = "<group>"; };
		BD9BF4C7276651840020CE8D /* MainCardCell.swift */ = {isa = PBXFileReference; lastKnownFileType = sourcecode.swift; path = MainCardCell.swift; sourceTree = "<group>"; };
		BD9BF4C9276653D90020CE8D /* Extension + UIView.swift */ = {isa = PBXFileReference; lastKnownFileType = sourcecode.swift; path = "Extension + UIView.swift"; sourceTree = "<group>"; };
		BD9BF4CB27667D540020CE8D /* UpcomingCell.swift */ = {isa = PBXFileReference; lastKnownFileType = sourcecode.swift; path = UpcomingCell.swift; sourceTree = "<group>"; };
		BD9BF4CD2766AB9C0020CE8D /* Extension + Date.swift */ = {isa = PBXFileReference; lastKnownFileType = sourcecode.swift; path = "Extension + Date.swift"; sourceTree = "<group>"; };
		BD9BF4CF2766ABB90020CE8D /* Extension + String.swift */ = {isa = PBXFileReference; lastKnownFileType = sourcecode.swift; path = "Extension + String.swift"; sourceTree = "<group>"; };
		BD9BF4D12766AC030020CE8D /* UserDefault.swift */ = {isa = PBXFileReference; lastKnownFileType = sourcecode.swift; path = UserDefault.swift; sourceTree = "<group>"; };
		BD9BF4D42766AF430020CE8D /* TransactionCell.swift */ = {isa = PBXFileReference; lastKnownFileType = sourcecode.swift; path = TransactionCell.swift; sourceTree = "<group>"; };
		BD9BF4D727674A2E0020CE8D /* MemberCell.swift */ = {isa = PBXFileReference; lastKnownFileType = sourcecode.swift; path = MemberCell.swift; sourceTree = "<group>"; };
		BD9BF4D927674A4E0020CE8D /* GroupCell.swift */ = {isa = PBXFileReference; lastKnownFileType = sourcecode.swift; path = GroupCell.swift; sourceTree = "<group>"; };
		BD9BF4DC27675A640020CE8D /* GroupDetailsPresenter.swift */ = {isa = PBXFileReference; lastKnownFileType = sourcecode.swift; path = GroupDetailsPresenter.swift; sourceTree = "<group>"; };
		BD9BF4DD27675A640020CE8D /* GroupDetailsRouter.swift */ = {isa = PBXFileReference; lastKnownFileType = sourcecode.swift; path = GroupDetailsRouter.swift; sourceTree = "<group>"; };
		BD9BF4DE27675A640020CE8D /* GroupDetailsModels.swift */ = {isa = PBXFileReference; lastKnownFileType = sourcecode.swift; path = GroupDetailsModels.swift; sourceTree = "<group>"; };
		BD9BF4DF27675A640020CE8D /* GroupDetailsInteractor.swift */ = {isa = PBXFileReference; lastKnownFileType = sourcecode.swift; path = GroupDetailsInteractor.swift; sourceTree = "<group>"; };
		BD9BF4E027675A640020CE8D /* GroupDetailsProtocol.swift */ = {isa = PBXFileReference; lastKnownFileType = sourcecode.swift; path = GroupDetailsProtocol.swift; sourceTree = "<group>"; };
		BD9BF4E127675A640020CE8D /* GroupDetailsVC.swift */ = {isa = PBXFileReference; lastKnownFileType = sourcecode.swift; path = GroupDetailsVC.swift; sourceTree = "<group>"; };
		BD9BF4EC27678B9C0020CE8D /* CreateGroupPresenter.swift */ = {isa = PBXFileReference; lastKnownFileType = sourcecode.swift; path = CreateGroupPresenter.swift; sourceTree = "<group>"; };
		BD9BF4ED27678B9C0020CE8D /* CreateGroupRouter.swift */ = {isa = PBXFileReference; lastKnownFileType = sourcecode.swift; path = CreateGroupRouter.swift; sourceTree = "<group>"; };
		BD9BF4EE27678B9C0020CE8D /* CreateGroupModels.swift */ = {isa = PBXFileReference; lastKnownFileType = sourcecode.swift; path = CreateGroupModels.swift; sourceTree = "<group>"; };
		BD9BF4EF27678B9C0020CE8D /* CreateGroupInteractor.swift */ = {isa = PBXFileReference; lastKnownFileType = sourcecode.swift; path = CreateGroupInteractor.swift; sourceTree = "<group>"; };
		BD9BF4F027678B9C0020CE8D /* CreateGroupProtocol.swift */ = {isa = PBXFileReference; lastKnownFileType = sourcecode.swift; path = CreateGroupProtocol.swift; sourceTree = "<group>"; };
		BD9BF4F127678B9C0020CE8D /* CreateGroupVC.swift */ = {isa = PBXFileReference; lastKnownFileType = sourcecode.swift; path = CreateGroupVC.swift; sourceTree = "<group>"; };
		BD9BF4F92767B5F10020CE8D /* MemberSelectedCell.swift */ = {isa = PBXFileReference; lastKnownFileType = sourcecode.swift; path = MemberSelectedCell.swift; sourceTree = "<group>"; };
		BD9BF4FC2767B6DF0020CE8D /* MemberGroupCell.swift */ = {isa = PBXFileReference; lastKnownFileType = sourcecode.swift; path = MemberGroupCell.swift; sourceTree = "<group>"; };
		BD9BF5012767BC270020CE8D /* Extension + UIButton.swift */ = {isa = PBXFileReference; lastKnownFileType = sourcecode.swift; path = "Extension + UIButton.swift"; sourceTree = "<group>"; };
		BD9BF5042767C3380020CE8D /* InsertGroupDetailPresenter.swift */ = {isa = PBXFileReference; lastKnownFileType = sourcecode.swift; path = InsertGroupDetailPresenter.swift; sourceTree = "<group>"; };
		BD9BF5052767C3380020CE8D /* InsertGroupDetailRouter.swift */ = {isa = PBXFileReference; lastKnownFileType = sourcecode.swift; path = InsertGroupDetailRouter.swift; sourceTree = "<group>"; };
		BD9BF5062767C3380020CE8D /* InsertGroupDetailModels.swift */ = {isa = PBXFileReference; lastKnownFileType = sourcecode.swift; path = InsertGroupDetailModels.swift; sourceTree = "<group>"; };
		BD9BF5072767C3380020CE8D /* InsertGroupDetailInteractor.swift */ = {isa = PBXFileReference; lastKnownFileType = sourcecode.swift; path = InsertGroupDetailInteractor.swift; sourceTree = "<group>"; };
		BD9BF5082767C3380020CE8D /* InsertGroupDetailProtocol.swift */ = {isa = PBXFileReference; lastKnownFileType = sourcecode.swift; path = InsertGroupDetailProtocol.swift; sourceTree = "<group>"; };
		BD9BF5092767C3380020CE8D /* InsertGroupDetailVC.swift */ = {isa = PBXFileReference; lastKnownFileType = sourcecode.swift; path = InsertGroupDetailVC.swift; sourceTree = "<group>"; };
		BD9BF5112767D53A0020CE8D /* CreateExpensePresenter.swift */ = {isa = PBXFileReference; lastKnownFileType = sourcecode.swift; path = CreateExpensePresenter.swift; sourceTree = "<group>"; };
		BD9BF5122767D53A0020CE8D /* CreateExpenseRouter.swift */ = {isa = PBXFileReference; lastKnownFileType = sourcecode.swift; path = CreateExpenseRouter.swift; sourceTree = "<group>"; };
		BD9BF5132767D53A0020CE8D /* CreateExpenseModels.swift */ = {isa = PBXFileReference; lastKnownFileType = sourcecode.swift; path = CreateExpenseModels.swift; sourceTree = "<group>"; };
		BD9BF5142767D53A0020CE8D /* CreateExpenseInteractor.swift */ = {isa = PBXFileReference; lastKnownFileType = sourcecode.swift; path = CreateExpenseInteractor.swift; sourceTree = "<group>"; };
		BD9BF5152767D53A0020CE8D /* CreateExpenseProtocol.swift */ = {isa = PBXFileReference; lastKnownFileType = sourcecode.swift; path = CreateExpenseProtocol.swift; sourceTree = "<group>"; };
		BD9BF5162767D53A0020CE8D /* CreateExpenseVC.swift */ = {isa = PBXFileReference; lastKnownFileType = sourcecode.swift; path = CreateExpenseVC.swift; sourceTree = "<group>"; };
		BD9BF51E2767D5A70020CE8D /* CreateBillPresenter.swift */ = {isa = PBXFileReference; lastKnownFileType = sourcecode.swift; path = CreateBillPresenter.swift; sourceTree = "<group>"; };
		BD9BF51F2767D5A70020CE8D /* CreateBillRouter.swift */ = {isa = PBXFileReference; lastKnownFileType = sourcecode.swift; path = CreateBillRouter.swift; sourceTree = "<group>"; };
		BD9BF5202767D5A70020CE8D /* CreateBillModels.swift */ = {isa = PBXFileReference; lastKnownFileType = sourcecode.swift; path = CreateBillModels.swift; sourceTree = "<group>"; };
		BD9BF5212767D5A70020CE8D /* CreateBillInteractor.swift */ = {isa = PBXFileReference; lastKnownFileType = sourcecode.swift; path = CreateBillInteractor.swift; sourceTree = "<group>"; };
		BD9BF5222767D5A70020CE8D /* CreateBillProtocol.swift */ = {isa = PBXFileReference; lastKnownFileType = sourcecode.swift; path = CreateBillProtocol.swift; sourceTree = "<group>"; };
		BD9BF5232767D5A70020CE8D /* CreateBillVC.swift */ = {isa = PBXFileReference; lastKnownFileType = sourcecode.swift; path = CreateBillVC.swift; sourceTree = "<group>"; };
		BD9BF52B2767D6C80020CE8D /* CreateDebtPresenter.swift */ = {isa = PBXFileReference; lastKnownFileType = sourcecode.swift; path = CreateDebtPresenter.swift; sourceTree = "<group>"; };
		BD9BF52C2767D6C80020CE8D /* CreateDebtRouter.swift */ = {isa = PBXFileReference; lastKnownFileType = sourcecode.swift; path = CreateDebtRouter.swift; sourceTree = "<group>"; };
		BD9BF52D2767D6C80020CE8D /* CreateDebtModels.swift */ = {isa = PBXFileReference; lastKnownFileType = sourcecode.swift; path = CreateDebtModels.swift; sourceTree = "<group>"; };
		BD9BF52E2767D6C80020CE8D /* CreateDebtInteractor.swift */ = {isa = PBXFileReference; lastKnownFileType = sourcecode.swift; path = CreateDebtInteractor.swift; sourceTree = "<group>"; };
		BD9BF52F2767D6C80020CE8D /* CreateDebtProtocol.swift */ = {isa = PBXFileReference; lastKnownFileType = sourcecode.swift; path = CreateDebtProtocol.swift; sourceTree = "<group>"; };
		BD9BF5302767D6C80020CE8D /* CreateDebtVC.swift */ = {isa = PBXFileReference; lastKnownFileType = sourcecode.swift; path = CreateDebtVC.swift; sourceTree = "<group>"; };
		BD9BF5382767D70B0020CE8D /* UserDebtDetailsPresenter.swift */ = {isa = PBXFileReference; lastKnownFileType = sourcecode.swift; path = UserDebtDetailsPresenter.swift; sourceTree = "<group>"; };
		BD9BF5392767D70B0020CE8D /* UserDebtDetailsRouter.swift */ = {isa = PBXFileReference; lastKnownFileType = sourcecode.swift; path = UserDebtDetailsRouter.swift; sourceTree = "<group>"; };
		BD9BF53A2767D70B0020CE8D /* UserDebtDetailsModels.swift */ = {isa = PBXFileReference; lastKnownFileType = sourcecode.swift; path = UserDebtDetailsModels.swift; sourceTree = "<group>"; };
		BD9BF53B2767D70B0020CE8D /* UserDebtDetailsInteractor.swift */ = {isa = PBXFileReference; lastKnownFileType = sourcecode.swift; path = UserDebtDetailsInteractor.swift; sourceTree = "<group>"; };
		BD9BF53C2767D70B0020CE8D /* UserDebtDetailsProtocol.swift */ = {isa = PBXFileReference; lastKnownFileType = sourcecode.swift; path = UserDebtDetailsProtocol.swift; sourceTree = "<group>"; };
		BD9BF53D2767D70B0020CE8D /* UserDebtDetailsVC.swift */ = {isa = PBXFileReference; lastKnownFileType = sourcecode.swift; path = UserDebtDetailsVC.swift; sourceTree = "<group>"; };
		BDF765532768D0A9009AC3EF /* AddItemPresenter.swift */ = {isa = PBXFileReference; lastKnownFileType = sourcecode.swift; path = AddItemPresenter.swift; sourceTree = "<group>"; };
		BDF765542768D0A9009AC3EF /* AddItemRouter.swift */ = {isa = PBXFileReference; lastKnownFileType = sourcecode.swift; path = AddItemRouter.swift; sourceTree = "<group>"; };
		BDF765552768D0A9009AC3EF /* AddItemModels.swift */ = {isa = PBXFileReference; lastKnownFileType = sourcecode.swift; path = AddItemModels.swift; sourceTree = "<group>"; };
		BDF765562768D0A9009AC3EF /* AddItemInteractor.swift */ = {isa = PBXFileReference; lastKnownFileType = sourcecode.swift; path = AddItemInteractor.swift; sourceTree = "<group>"; };
		BDF765572768D0A9009AC3EF /* AddItemProtocol.swift */ = {isa = PBXFileReference; lastKnownFileType = sourcecode.swift; path = AddItemProtocol.swift; sourceTree = "<group>"; };
		BDF765582768D0A9009AC3EF /* AddItemVC.swift */ = {isa = PBXFileReference; lastKnownFileType = sourcecode.swift; path = AddItemVC.swift; sourceTree = "<group>"; };
		C49D66E500760FC89C4876C9 /* Pods-CoFi.debug.xcconfig */ = {isa = PBXFileReference; includeInIndex = 1; lastKnownFileType = text.xcconfig; name = "Pods-CoFi.debug.xcconfig"; path = "Target Support Files/Pods-CoFi/Pods-CoFi.debug.xcconfig"; sourceTree = "<group>"; };
		D25AE8296CFB22F3A961C7E4 /* Pods-CoFi.release.xcconfig */ = {isa = PBXFileReference; includeInIndex = 1; lastKnownFileType = text.xcconfig; name = "Pods-CoFi.release.xcconfig"; path = "Target Support Files/Pods-CoFi/Pods-CoFi.release.xcconfig"; sourceTree = "<group>"; };
/* End PBXFileReference section */

/* Begin PBXFrameworksBuildPhase section */
		BD9BF465276607090020CE8D /* Frameworks */ = {
			isa = PBXFrameworksBuildPhase;
			buildActionMask = 2147483647;
			files = (
				7D1FEA5A977DC502A0DB04DC /* libPods-CoFi.a in Frameworks */,
			);
			runOnlyForDeploymentPostprocessing = 0;
		};
/* End PBXFrameworksBuildPhase section */

/* Begin PBXGroup section */
		30DA51A6DA3482EF7C31F098 /* Pods */ = {
			isa = PBXGroup;
			children = (
				C49D66E500760FC89C4876C9 /* Pods-CoFi.debug.xcconfig */,
				D25AE8296CFB22F3A961C7E4 /* Pods-CoFi.release.xcconfig */,
			);
			path = Pods;
			sourceTree = "<group>";
		};
		AD3EBC482A6E5C2297E595E8 /* Frameworks */ = {
			isa = PBXGroup;
			children = (
				36E44D2D2B34ED6181B80EFC /* libPods-CoFi.a */,
			);
			name = Frameworks;
			sourceTree = "<group>";
		};
		BD351CD927683D0F00A42054 /* views */ = {
			isa = PBXGroup;
			children = (
				BD8AFE1F2768AE6E00131FE5 /* ItemCell.swift */,
			);
			path = views;
			sourceTree = "<group>";
		};
		BD351CE727683D3E00A42054 /* SelectReminderTime */ = {
			isa = PBXGroup;
			children = (
				BD351CE827683D5600A42054 /* SelectReminderTimePresenter.swift */,
				BD351CE927683D5600A42054 /* SelectReminderTimeRouter.swift */,
				BD351CEA27683D5600A42054 /* SelectReminderTimeModels.swift */,
				BD351CEB27683D5600A42054 /* SelectReminderTimeInteractor.swift */,
				BD351CEC27683D5600A42054 /* SelectReminderTimeProtocol.swift */,
				BD351CED27683D5600A42054 /* SelectReminderTimeVC.swift */,
			);
			path = SelectReminderTime;
			sourceTree = "<group>";
		};
		BD9BF45F276607090020CE8D = {
			isa = PBXGroup;
			children = (
				BD9BF46A276607090020CE8D /* CoFi */,
				BD9BF469276607090020CE8D /* Products */,
				30DA51A6DA3482EF7C31F098 /* Pods */,
				AD3EBC482A6E5C2297E595E8 /* Frameworks */,
			);
			sourceTree = "<group>";
		};
		BD9BF469276607090020CE8D /* Products */ = {
			isa = PBXGroup;
			children = (
				BD9BF468276607090020CE8D /* CoFi.app */,
			);
			name = Products;
			sourceTree = "<group>";
		};
		BD9BF46A276607090020CE8D /* CoFi */ = {
			isa = PBXGroup;
			children = (
				BD9BF4C12766337A0020CE8D /* SwiftGen */,
				BD9BF4BB27660BB90020CE8D /* Extensions */,
				BD9BF4B4276609AD0020CE8D /* Shared */,
				BD9BF4FE2767BBC60020CE8D /* Modules */,
				BD9BF46B276607090020CE8D /* AppDelegate.swift */,
				BD9BF46D276607090020CE8D /* SceneDelegate.swift */,
				BD9BF4742766070B0020CE8D /* Assets.xcassets */,
				BD9BF4762766070B0020CE8D /* LaunchScreen.storyboard */,
				BD9BF4792766070B0020CE8D /* Info.plist */,
			);
			path = CoFi;
			sourceTree = "<group>";
		};
		BD9BF47F276607CE0020CE8D /* Group */ = {
			isa = PBXGroup;
			children = (
				BD9BF4D627674A1F0020CE8D /* views */,
				BD9BF480276607E50020CE8D /* GroupPresenter.swift */,
				BD9BF481276607E50020CE8D /* GroupRouter.swift */,
				BD9BF482276607E50020CE8D /* GroupModels.swift */,
				BD9BF483276607E50020CE8D /* GroupInteractor.swift */,
				BD9BF484276607E50020CE8D /* GroupProtocol.swift */,
				BD9BF485276607E50020CE8D /* GroupVC.swift */,
			);
			path = Group;
			sourceTree = "<group>";
		};
		BD9BF48D276608190020CE8D /* Dashboard */ = {
			isa = PBXGroup;
			children = (
				BD9BF4C62766515B0020CE8D /* views */,
				BD9BF48E276608270020CE8D /* DashboardPresenter.swift */,
				BD9BF48F276608270020CE8D /* DashboardRouter.swift */,
				BD9BF490276608270020CE8D /* DashboardModels.swift */,
				BD9BF491276608270020CE8D /* DashboardInteractor.swift */,
				BD9BF492276608270020CE8D /* DashboardProtocol.swift */,
				BD9BF493276608270020CE8D /* DashboardVC.swift */,
			);
			path = Dashboard;
			sourceTree = "<group>";
		};
		BD9BF49A2766082F0020CE8D /* Transaction */ = {
			isa = PBXGroup;
			children = (
				BD9BF4D32766AF240020CE8D /* views */,
				BD9BF49B276608420020CE8D /* TransactionPresenter.swift */,
				BD9BF49C276608420020CE8D /* TransactionRouter.swift */,
				BD9BF49D276608420020CE8D /* TransactionModels.swift */,
				BD9BF49E276608420020CE8D /* TransactionInteractor.swift */,
				BD9BF49F276608420020CE8D /* TransactionProtocol.swift */,
				BD9BF4A0276608420020CE8D /* TransactionVC.swift */,
			);
			path = Transaction;
			sourceTree = "<group>";
		};
		BD9BF4A7276608780020CE8D /* TabBar */ = {
			isa = PBXGroup;
			children = (
				BD9BF4A82766088C0020CE8D /* TabBarPresenter.swift */,
				BD9BF4A92766088C0020CE8D /* TabBarRouter.swift */,
				BD9BF4AA2766088C0020CE8D /* TabBarModels.swift */,
				BD9BF4AB2766088C0020CE8D /* TabBarInteractor.swift */,
				BD9BF4AC2766088C0020CE8D /* TabBarProtocol.swift */,
				BD9BF4AD2766088C0020CE8D /* TabBarVC.swift */,
			);
			path = TabBar;
			sourceTree = "<group>";
		};
		BD9BF4B4276609AD0020CE8D /* Shared */ = {
			isa = PBXGroup;
			children = (
				BD9BF4B927660A070020CE8D /* Constants.swift */,
				BD9BF4D12766AC030020CE8D /* UserDefault.swift */,
			);
			path = Shared;
			sourceTree = "<group>";
		};
		BD9BF4BB27660BB90020CE8D /* Extensions */ = {
			isa = PBXGroup;
			children = (
				BD9BF4BC27660BC70020CE8D /* Configures.swift */,
				BD9BF4BE27660C6C0020CE8D /* Extension + UIViewController.swift */,
				BD9BF4C9276653D90020CE8D /* Extension + UIView.swift */,
				BD9BF4CD2766AB9C0020CE8D /* Extension + Date.swift */,
				BD9BF4CF2766ABB90020CE8D /* Extension + String.swift */,
				BD9BF5012767BC270020CE8D /* Extension + UIButton.swift */,
			);
			path = Extensions;
			sourceTree = "<group>";
		};
		BD9BF4C12766337A0020CE8D /* SwiftGen */ = {
			isa = PBXGroup;
			children = (
				BD9BF4C3276635E80020CE8D /* Assets+Generated.swift */,
				BD9BF4C2276635E80020CE8D /* Strings+Generated.swift */,
			);
			path = SwiftGen;
			sourceTree = "<group>";
		};
		BD9BF4C62766515B0020CE8D /* views */ = {
			isa = PBXGroup;
			children = (
				BD9BF4C7276651840020CE8D /* MainCardCell.swift */,
				BD9BF4CB27667D540020CE8D /* UpcomingCell.swift */,
			);
			path = views;
			sourceTree = "<group>";
		};
		BD9BF4D32766AF240020CE8D /* views */ = {
			isa = PBXGroup;
			children = (
				BD9BF4D42766AF430020CE8D /* TransactionCell.swift */,
			);
			path = views;
			sourceTree = "<group>";
		};
		BD9BF4D627674A1F0020CE8D /* views */ = {
			isa = PBXGroup;
			children = (
				BD9BF4D727674A2E0020CE8D /* MemberCell.swift */,
				BD9BF4D927674A4E0020CE8D /* GroupCell.swift */,
			);
			path = views;
			sourceTree = "<group>";
		};
		BD9BF4DB27675A470020CE8D /* GroupDetails */ = {
			isa = PBXGroup;
			children = (
				BD9BF4FB2767B6D20020CE8D /* views */,
				BD9BF4DC27675A640020CE8D /* GroupDetailsPresenter.swift */,
				BD9BF4DD27675A640020CE8D /* GroupDetailsRouter.swift */,
				BD9BF4DE27675A640020CE8D /* GroupDetailsModels.swift */,
				BD9BF4DF27675A640020CE8D /* GroupDetailsInteractor.swift */,
				BD9BF4E027675A640020CE8D /* GroupDetailsProtocol.swift */,
				BD9BF4E127675A640020CE8D /* GroupDetailsVC.swift */,
			);
			path = GroupDetails;
			sourceTree = "<group>";
		};
		BD9BF4EB27678B7E0020CE8D /* CreateGroup */ = {
			isa = PBXGroup;
			children = (
				BD9BF5032767C3080020CE8D /* InsertGroupDetail */,
				BD9BF4F82767B5DE0020CE8D /* views */,
				BD9BF4EC27678B9C0020CE8D /* CreateGroupPresenter.swift */,
				BD9BF4ED27678B9C0020CE8D /* CreateGroupRouter.swift */,
				BD9BF4EE27678B9C0020CE8D /* CreateGroupModels.swift */,
				BD9BF4EF27678B9C0020CE8D /* CreateGroupInteractor.swift */,
				BD9BF4F027678B9C0020CE8D /* CreateGroupProtocol.swift */,
				BD9BF4F127678B9C0020CE8D /* CreateGroupVC.swift */,
			);
			path = CreateGroup;
			sourceTree = "<group>";
		};
		BD9BF4F82767B5DE0020CE8D /* views */ = {
			isa = PBXGroup;
			children = (
				BD9BF4F92767B5F10020CE8D /* MemberSelectedCell.swift */,
			);
			path = views;
			sourceTree = "<group>";
		};
		BD9BF4FB2767B6D20020CE8D /* views */ = {
			isa = PBXGroup;
			children = (
				BD9BF4FC2767B6DF0020CE8D /* MemberGroupCell.swift */,
			);
			path = views;
			sourceTree = "<group>";
		};
		BD9BF4FE2767BBC60020CE8D /* Modules */ = {
			isa = PBXGroup;
			children = (
				BDF765522768D093009AC3EF /* AddItem */,
				BD9BF5372767D6F30020CE8D /* UserDebtDetails */,
				BD9BF52A2767D6AA0020CE8D /* CreateDebt */,
				BD9BF51D2767D58F0020CE8D /* CreateBill */,
				BD9BF5102767D4EB0020CE8D /* CreateExpense */,
				BD9BF47F276607CE0020CE8D /* Group */,
				BD9BF48D276608190020CE8D /* Dashboard */,
				BD9BF49A2766082F0020CE8D /* Transaction */,
				BD9BF4A7276608780020CE8D /* TabBar */,
				BD9BF4EB27678B7E0020CE8D /* CreateGroup */,
				BD9BF4DB27675A470020CE8D /* GroupDetails */,
			);
			path = Modules;
			sourceTree = "<group>";
		};
		BD9BF5032767C3080020CE8D /* InsertGroupDetail */ = {
			isa = PBXGroup;
			children = (
				BD9BF5042767C3380020CE8D /* InsertGroupDetailPresenter.swift */,
				BD9BF5052767C3380020CE8D /* InsertGroupDetailRouter.swift */,
				BD9BF5062767C3380020CE8D /* InsertGroupDetailModels.swift */,
				BD9BF5072767C3380020CE8D /* InsertGroupDetailInteractor.swift */,
				BD9BF5082767C3380020CE8D /* InsertGroupDetailProtocol.swift */,
				BD9BF5092767C3380020CE8D /* InsertGroupDetailVC.swift */,
			);
			path = InsertGroupDetail;
			sourceTree = "<group>";
		};
		BD9BF5102767D4EB0020CE8D /* CreateExpense */ = {
			isa = PBXGroup;
			children = (
				BD351CD927683D0F00A42054 /* views */,
				BD9BF5112767D53A0020CE8D /* CreateExpensePresenter.swift */,
				BD9BF5122767D53A0020CE8D /* CreateExpenseRouter.swift */,
				BD9BF5132767D53A0020CE8D /* CreateExpenseModels.swift */,
				BD9BF5142767D53A0020CE8D /* CreateExpenseInteractor.swift */,
				BD9BF5152767D53A0020CE8D /* CreateExpenseProtocol.swift */,
				BD9BF5162767D53A0020CE8D /* CreateExpenseVC.swift */,
			);
			path = CreateExpense;
			sourceTree = "<group>";
		};
		BD9BF51D2767D58F0020CE8D /* CreateBill */ = {
			isa = PBXGroup;
			children = (
				BD351CE727683D3E00A42054 /* SelectReminderTime */,
				BD9BF51E2767D5A70020CE8D /* CreateBillPresenter.swift */,
				BD9BF51F2767D5A70020CE8D /* CreateBillRouter.swift */,
				BD9BF5202767D5A70020CE8D /* CreateBillModels.swift */,
				BD9BF5212767D5A70020CE8D /* CreateBillInteractor.swift */,
				BD9BF5222767D5A70020CE8D /* CreateBillProtocol.swift */,
				BD9BF5232767D5A70020CE8D /* CreateBillVC.swift */,
			);
			path = CreateBill;
			sourceTree = "<group>";
		};
		BD9BF52A2767D6AA0020CE8D /* CreateDebt */ = {
			isa = PBXGroup;
			children = (
				BD9BF52B2767D6C80020CE8D /* CreateDebtPresenter.swift */,
				BD9BF52C2767D6C80020CE8D /* CreateDebtRouter.swift */,
				BD9BF52D2767D6C80020CE8D /* CreateDebtModels.swift */,
				BD9BF52E2767D6C80020CE8D /* CreateDebtInteractor.swift */,
				BD9BF52F2767D6C80020CE8D /* CreateDebtProtocol.swift */,
				BD9BF5302767D6C80020CE8D /* CreateDebtVC.swift */,
			);
			path = CreateDebt;
			sourceTree = "<group>";
		};
		BD9BF5372767D6F30020CE8D /* UserDebtDetails */ = {
			isa = PBXGroup;
			children = (
				BD9BF5382767D70B0020CE8D /* UserDebtDetailsPresenter.swift */,
				BD9BF5392767D70B0020CE8D /* UserDebtDetailsRouter.swift */,
				BD9BF53A2767D70B0020CE8D /* UserDebtDetailsModels.swift */,
				BD9BF53B2767D70B0020CE8D /* UserDebtDetailsInteractor.swift */,
				BD9BF53C2767D70B0020CE8D /* UserDebtDetailsProtocol.swift */,
				BD9BF53D2767D70B0020CE8D /* UserDebtDetailsVC.swift */,
			);
			path = UserDebtDetails;
			sourceTree = "<group>";
		};
		BDF765522768D093009AC3EF /* AddItem */ = {
			isa = PBXGroup;
			children = (
				BDF765532768D0A9009AC3EF /* AddItemPresenter.swift */,
				BDF765542768D0A9009AC3EF /* AddItemRouter.swift */,
				BDF765552768D0A9009AC3EF /* AddItemModels.swift */,
				BDF765562768D0A9009AC3EF /* AddItemInteractor.swift */,
				BDF765572768D0A9009AC3EF /* AddItemProtocol.swift */,
				BDF765582768D0A9009AC3EF /* AddItemVC.swift */,
			);
			path = AddItem;
			sourceTree = "<group>";
		};
/* End PBXGroup section */

/* Begin PBXNativeTarget section */
		BD9BF467276607090020CE8D /* CoFi */ = {
			isa = PBXNativeTarget;
			buildConfigurationList = BD9BF47C2766070B0020CE8D /* Build configuration list for PBXNativeTarget "CoFi" */;
			buildPhases = (
				AA1C0E5C6EF34CBF5F85AB16 /* [CP] Check Pods Manifest.lock */,
				BD9BF464276607090020CE8D /* Sources */,
				BD9BF465276607090020CE8D /* Frameworks */,
				BD9BF466276607090020CE8D /* Resources */,
				BD9BF4C0276632010020CE8D /* SwiftGen */,
			);
			buildRules = (
			);
			dependencies = (
			);
			name = CoFi;
			productName = CoFi;
			productReference = BD9BF468276607090020CE8D /* CoFi.app */;
			productType = "com.apple.product-type.application";
		};
/* End PBXNativeTarget section */

/* Begin PBXProject section */
		BD9BF460276607090020CE8D /* Project object */ = {
			isa = PBXProject;
			attributes = {
				BuildIndependentTargetsInParallel = 1;
				LastSwiftUpdateCheck = 1310;
				LastUpgradeCheck = 1310;
				TargetAttributes = {
					BD9BF467276607090020CE8D = {
						CreatedOnToolsVersion = 13.1;
					};
				};
			};
			buildConfigurationList = BD9BF463276607090020CE8D /* Build configuration list for PBXProject "CoFi" */;
			compatibilityVersion = "Xcode 13.0";
			developmentRegion = en;
			hasScannedForEncodings = 0;
			knownRegions = (
				en,
				Base,
			);
			mainGroup = BD9BF45F276607090020CE8D;
			productRefGroup = BD9BF469276607090020CE8D /* Products */;
			projectDirPath = "";
			projectRoot = "";
			targets = (
				BD9BF467276607090020CE8D /* CoFi */,
			);
		};
/* End PBXProject section */

/* Begin PBXResourcesBuildPhase section */
		BD9BF466276607090020CE8D /* Resources */ = {
			isa = PBXResourcesBuildPhase;
			buildActionMask = 2147483647;
			files = (
				BD9BF4782766070B0020CE8D /* LaunchScreen.storyboard in Resources */,
				BD9BF4752766070B0020CE8D /* Assets.xcassets in Resources */,
			);
			runOnlyForDeploymentPostprocessing = 0;
		};
/* End PBXResourcesBuildPhase section */

/* Begin PBXShellScriptBuildPhase section */
		AA1C0E5C6EF34CBF5F85AB16 /* [CP] Check Pods Manifest.lock */ = {
			isa = PBXShellScriptBuildPhase;
			buildActionMask = 2147483647;
			files = (
			);
			inputFileListPaths = (
			);
			inputPaths = (
				"${PODS_PODFILE_DIR_PATH}/Podfile.lock",
				"${PODS_ROOT}/Manifest.lock",
			);
			name = "[CP] Check Pods Manifest.lock";
			outputFileListPaths = (
			);
			outputPaths = (
				"$(DERIVED_FILE_DIR)/Pods-CoFi-checkManifestLockResult.txt",
			);
			runOnlyForDeploymentPostprocessing = 0;
			shellPath = /bin/sh;
			shellScript = "diff \"${PODS_PODFILE_DIR_PATH}/Podfile.lock\" \"${PODS_ROOT}/Manifest.lock\" > /dev/null\nif [ $? != 0 ] ; then\n    # print error to STDERR\n    echo \"error: The sandbox is not in sync with the Podfile.lock. Run 'pod install' or update your CocoaPods installation.\" >&2\n    exit 1\nfi\n# This output is used by Xcode 'outputs' to avoid re-running this script phase.\necho \"SUCCESS\" > \"${SCRIPT_OUTPUT_FILE_0}\"\n";
			showEnvVarsInLog = 0;
		};
		BD9BF4C0276632010020CE8D /* SwiftGen */ = {
			isa = PBXShellScriptBuildPhase;
			buildActionMask = 2147483647;
			files = (
			);
			inputFileListPaths = (
			);
			inputPaths = (
			);
			name = SwiftGen;
			outputFileListPaths = (
			);
			outputPaths = (
			);
			runOnlyForDeploymentPostprocessing = 0;
			shellPath = /bin/sh;
			shellScript = "Pods/SwiftGen/bin/swiftgen\n";
		};
/* End PBXShellScriptBuildPhase section */

/* Begin PBXSourcesBuildPhase section */
		BD9BF464276607090020CE8D /* Sources */ = {
			isa = PBXSourcesBuildPhase;
			buildActionMask = 2147483647;
			files = (
				BD9BF4D22766AC030020CE8D /* UserDefault.swift in Sources */,
				BDF765592768D0A9009AC3EF /* AddItemPresenter.swift in Sources */,
				BD9BF4CE2766AB9C0020CE8D /* Extension + Date.swift in Sources */,
				BD9BF4F227678B9C0020CE8D /* CreateGroupPresenter.swift in Sources */,
				BD9BF48A276607E50020CE8D /* GroupProtocol.swift in Sources */,
				BDF7655C2768D0A9009AC3EF /* AddItemInteractor.swift in Sources */,
				BD9BF5192767D53A0020CE8D /* CreateExpenseModels.swift in Sources */,
				BD9BF5182767D53A0020CE8D /* CreateExpenseRouter.swift in Sources */,
				BD9BF4A5276608420020CE8D /* TransactionProtocol.swift in Sources */,
				BD9BF489276607E50020CE8D /* GroupInteractor.swift in Sources */,
				BD9BF486276607E50020CE8D /* GroupPresenter.swift in Sources */,
				BD9BF496276608270020CE8D /* DashboardModels.swift in Sources */,
				BD351CF027683D5600A42054 /* SelectReminderTimeModels.swift in Sources */,
				BD9BF50D2767C3380020CE8D /* InsertGroupDetailInteractor.swift in Sources */,
				BD9BF46C276607090020CE8D /* AppDelegate.swift in Sources */,
				BD9BF498276608270020CE8D /* DashboardProtocol.swift in Sources */,
				BD351CF227683D5600A42054 /* SelectReminderTimeProtocol.swift in Sources */,
				BD9BF487276607E50020CE8D /* GroupRouter.swift in Sources */,
				BD9BF4B32766088C0020CE8D /* TabBarVC.swift in Sources */,
				BD9BF4B12766088C0020CE8D /* TabBarInteractor.swift in Sources */,
				BD9BF4FA2767B5F10020CE8D /* MemberSelectedCell.swift in Sources */,
				BD9BF4AF2766088C0020CE8D /* TabBarRouter.swift in Sources */,
				BD9BF4E527675A640020CE8D /* GroupDetailsInteractor.swift in Sources */,
				BD9BF51A2767D53A0020CE8D /* CreateExpenseInteractor.swift in Sources */,
				BD9BF4CA276653D90020CE8D /* Extension + UIView.swift in Sources */,
				BD9BF53E2767D70B0020CE8D /* UserDebtDetailsPresenter.swift in Sources */,
				BD9BF4F727678B9C0020CE8D /* CreateGroupVC.swift in Sources */,
				BD9BF4AE2766088C0020CE8D /* TabBarPresenter.swift in Sources */,
				BD9BF4DA27674A4E0020CE8D /* GroupCell.swift in Sources */,
				BD9BF5172767D53A0020CE8D /* CreateExpensePresenter.swift in Sources */,
				BD9BF4F527678B9C0020CE8D /* CreateGroupInteractor.swift in Sources */,
				BD9BF4D02766ABB90020CE8D /* Extension + String.swift in Sources */,
				BD9BF4C8276651840020CE8D /* MainCardCell.swift in Sources */,
				BD9BF5332767D6C80020CE8D /* CreateDebtModels.swift in Sources */,
				BD9BF4A4276608420020CE8D /* TransactionInteractor.swift in Sources */,
				BD9BF5322767D6C80020CE8D /* CreateDebtRouter.swift in Sources */,
				BD9BF4E227675A640020CE8D /* GroupDetailsPresenter.swift in Sources */,
				BD9BF5432767D70B0020CE8D /* UserDebtDetailsVC.swift in Sources */,
				BDF7655A2768D0A9009AC3EF /* AddItemRouter.swift in Sources */,
				BD9BF4B02766088C0020CE8D /* TabBarModels.swift in Sources */,
				BD351CEF27683D5600A42054 /* SelectReminderTimeRouter.swift in Sources */,
				BD9BF4A3276608420020CE8D /* TransactionModels.swift in Sources */,
				BD9BF4FD2767B6DF0020CE8D /* MemberGroupCell.swift in Sources */,
				BD9BF5412767D70B0020CE8D /* UserDebtDetailsInteractor.swift in Sources */,
				BD9BF494276608270020CE8D /* DashboardPresenter.swift in Sources */,
				BD9BF50C2767C3380020CE8D /* InsertGroupDetailModels.swift in Sources */,
				BD9BF5312767D6C80020CE8D /* CreateDebtPresenter.swift in Sources */,
				BD9BF4E427675A640020CE8D /* GroupDetailsModels.swift in Sources */,
				BD9BF4BD27660BC70020CE8D /* Configures.swift in Sources */,
				BD9BF5422767D70B0020CE8D /* UserDebtDetailsProtocol.swift in Sources */,
				BD351CF127683D5600A42054 /* SelectReminderTimeInteractor.swift in Sources */,
				BD9BF4E627675A640020CE8D /* GroupDetailsProtocol.swift in Sources */,
				BD9BF4D52766AF430020CE8D /* TransactionCell.swift in Sources */,
				BD9BF488276607E50020CE8D /* GroupModels.swift in Sources */,
				BD9BF51B2767D53A0020CE8D /* CreateExpenseProtocol.swift in Sources */,
				BDF7655E2768D0A9009AC3EF /* AddItemVC.swift in Sources */,
				BD9BF50F2767C3380020CE8D /* InsertGroupDetailVC.swift in Sources */,
				BD9BF4A2276608420020CE8D /* TransactionRouter.swift in Sources */,
				BD9BF5362767D6C80020CE8D /* CreateDebtVC.swift in Sources */,
				BD9BF5402767D70B0020CE8D /* UserDebtDetailsModels.swift in Sources */,
				BD351CF327683D5600A42054 /* SelectReminderTimeVC.swift in Sources */,
				BD9BF4F427678B9C0020CE8D /* CreateGroupModels.swift in Sources */,
				BD9BF5282767D5A70020CE8D /* CreateBillProtocol.swift in Sources */,
				BD9BF4CC27667D540020CE8D /* UpcomingCell.swift in Sources */,
				BD9BF4A6276608420020CE8D /* TransactionVC.swift in Sources */,
				BD9BF50B2767C3380020CE8D /* InsertGroupDetailRouter.swift in Sources */,
				BD9BF5292767D5A70020CE8D /* CreateBillVC.swift in Sources */,
				BD9BF5352767D6C80020CE8D /* CreateDebtProtocol.swift in Sources */,
				BD9BF4C4276635E80020CE8D /* Strings+Generated.swift in Sources */,
				BD9BF5342767D6C80020CE8D /* CreateDebtInteractor.swift in Sources */,
				BD9BF499276608270020CE8D /* DashboardVC.swift in Sources */,
				BD9BF495276608270020CE8D /* DashboardRouter.swift in Sources */,
				BDF7655B2768D0A9009AC3EF /* AddItemModels.swift in Sources */,
				BD9BF5022767BC270020CE8D /* Extension + UIButton.swift in Sources */,
				BD9BF50E2767C3380020CE8D /* InsertGroupDetailProtocol.swift in Sources */,
				BD9BF53F2767D70B0020CE8D /* UserDebtDetailsRouter.swift in Sources */,
				BD9BF51C2767D53A0020CE8D /* CreateExpenseVC.swift in Sources */,
				BDF7655D2768D0A9009AC3EF /* AddItemProtocol.swift in Sources */,
				BD9BF4F327678B9C0020CE8D /* CreateGroupRouter.swift in Sources */,
				BD9BF4E727675A640020CE8D /* GroupDetailsVC.swift in Sources */,
				BD9BF4C5276635E80020CE8D /* Assets+Generated.swift in Sources */,
				BD9BF4F627678B9C0020CE8D /* CreateGroupProtocol.swift in Sources */,
				BD9BF4B22766088C0020CE8D /* TabBarProtocol.swift in Sources */,
				BD9BF48B276607E50020CE8D /* GroupVC.swift in Sources */,
				BD9BF50A2767C3380020CE8D /* InsertGroupDetailPresenter.swift in Sources */,
				BD9BF4E327675A640020CE8D /* GroupDetailsRouter.swift in Sources */,
				BD351CEE27683D5600A42054 /* SelectReminderTimePresenter.swift in Sources */,
				BD9BF4A1276608420020CE8D /* TransactionPresenter.swift in Sources */,
				BD9BF4D827674A2E0020CE8D /* MemberCell.swift in Sources */,
				BD9BF4BF27660C6C0020CE8D /* Extension + UIViewController.swift in Sources */,
				BD8AFE202768AE6E00131FE5 /* ItemCell.swift in Sources */,
				BD9BF5252767D5A70020CE8D /* CreateBillRouter.swift in Sources */,
				BD9BF46E276607090020CE8D /* SceneDelegate.swift in Sources */,
				BD9BF497276608270020CE8D /* DashboardInteractor.swift in Sources */,
				BD9BF4BA27660A070020CE8D /* Constants.swift in Sources */,
				BD9BF5262767D5A70020CE8D /* CreateBillModels.swift in Sources */,
				BD9BF5242767D5A70020CE8D /* CreateBillPresenter.swift in Sources */,
				BD9BF5272767D5A70020CE8D /* CreateBillInteractor.swift in Sources */,
			);
			runOnlyForDeploymentPostprocessing = 0;
		};
/* End PBXSourcesBuildPhase section */

/* Begin PBXVariantGroup section */
		BD9BF4762766070B0020CE8D /* LaunchScreen.storyboard */ = {
			isa = PBXVariantGroup;
			children = (
				BD9BF4772766070B0020CE8D /* Base */,
			);
			name = LaunchScreen.storyboard;
			sourceTree = "<group>";
		};
/* End PBXVariantGroup section */

/* Begin XCBuildConfiguration section */
		BD9BF47A2766070B0020CE8D /* Debug */ = {
			isa = XCBuildConfiguration;
			buildSettings = {
				ALWAYS_SEARCH_USER_PATHS = NO;
				CLANG_ANALYZER_NONNULL = YES;
				CLANG_ANALYZER_NUMBER_OBJECT_CONVERSION = YES_AGGRESSIVE;
				CLANG_CXX_LANGUAGE_STANDARD = "gnu++17";
				CLANG_CXX_LIBRARY = "libc++";
				CLANG_ENABLE_MODULES = YES;
				CLANG_ENABLE_OBJC_ARC = YES;
				CLANG_ENABLE_OBJC_WEAK = YES;
				CLANG_WARN_BLOCK_CAPTURE_AUTORELEASING = YES;
				CLANG_WARN_BOOL_CONVERSION = YES;
				CLANG_WARN_COMMA = YES;
				CLANG_WARN_CONSTANT_CONVERSION = YES;
				CLANG_WARN_DEPRECATED_OBJC_IMPLEMENTATIONS = YES;
				CLANG_WARN_DIRECT_OBJC_ISA_USAGE = YES_ERROR;
				CLANG_WARN_DOCUMENTATION_COMMENTS = YES;
				CLANG_WARN_EMPTY_BODY = YES;
				CLANG_WARN_ENUM_CONVERSION = YES;
				CLANG_WARN_INFINITE_RECURSION = YES;
				CLANG_WARN_INT_CONVERSION = YES;
				CLANG_WARN_NON_LITERAL_NULL_CONVERSION = YES;
				CLANG_WARN_OBJC_IMPLICIT_RETAIN_SELF = YES;
				CLANG_WARN_OBJC_LITERAL_CONVERSION = YES;
				CLANG_WARN_OBJC_ROOT_CLASS = YES_ERROR;
				CLANG_WARN_QUOTED_INCLUDE_IN_FRAMEWORK_HEADER = YES;
				CLANG_WARN_RANGE_LOOP_ANALYSIS = YES;
				CLANG_WARN_STRICT_PROTOTYPES = YES;
				CLANG_WARN_SUSPICIOUS_MOVE = YES;
				CLANG_WARN_UNGUARDED_AVAILABILITY = YES_AGGRESSIVE;
				CLANG_WARN_UNREACHABLE_CODE = YES;
				CLANG_WARN__DUPLICATE_METHOD_MATCH = YES;
				COPY_PHASE_STRIP = NO;
				DEBUG_INFORMATION_FORMAT = dwarf;
				ENABLE_STRICT_OBJC_MSGSEND = YES;
				ENABLE_TESTABILITY = YES;
				GCC_C_LANGUAGE_STANDARD = gnu11;
				GCC_DYNAMIC_NO_PIC = NO;
				GCC_NO_COMMON_BLOCKS = YES;
				GCC_OPTIMIZATION_LEVEL = 0;
				GCC_PREPROCESSOR_DEFINITIONS = (
					"DEBUG=1",
					"$(inherited)",
				);
				GCC_WARN_64_TO_32_BIT_CONVERSION = YES;
				GCC_WARN_ABOUT_RETURN_TYPE = YES_ERROR;
				GCC_WARN_UNDECLARED_SELECTOR = YES;
				GCC_WARN_UNINITIALIZED_AUTOS = YES_AGGRESSIVE;
				GCC_WARN_UNUSED_FUNCTION = YES;
				GCC_WARN_UNUSED_VARIABLE = YES;
				IPHONEOS_DEPLOYMENT_TARGET = 15.0;
				MTL_ENABLE_DEBUG_INFO = INCLUDE_SOURCE;
				MTL_FAST_MATH = YES;
				ONLY_ACTIVE_ARCH = YES;
				SDKROOT = iphoneos;
				SWIFT_ACTIVE_COMPILATION_CONDITIONS = DEBUG;
				SWIFT_OPTIMIZATION_LEVEL = "-Onone";
			};
			name = Debug;
		};
		BD9BF47B2766070B0020CE8D /* Release */ = {
			isa = XCBuildConfiguration;
			buildSettings = {
				ALWAYS_SEARCH_USER_PATHS = NO;
				CLANG_ANALYZER_NONNULL = YES;
				CLANG_ANALYZER_NUMBER_OBJECT_CONVERSION = YES_AGGRESSIVE;
				CLANG_CXX_LANGUAGE_STANDARD = "gnu++17";
				CLANG_CXX_LIBRARY = "libc++";
				CLANG_ENABLE_MODULES = YES;
				CLANG_ENABLE_OBJC_ARC = YES;
				CLANG_ENABLE_OBJC_WEAK = YES;
				CLANG_WARN_BLOCK_CAPTURE_AUTORELEASING = YES;
				CLANG_WARN_BOOL_CONVERSION = YES;
				CLANG_WARN_COMMA = YES;
				CLANG_WARN_CONSTANT_CONVERSION = YES;
				CLANG_WARN_DEPRECATED_OBJC_IMPLEMENTATIONS = YES;
				CLANG_WARN_DIRECT_OBJC_ISA_USAGE = YES_ERROR;
				CLANG_WARN_DOCUMENTATION_COMMENTS = YES;
				CLANG_WARN_EMPTY_BODY = YES;
				CLANG_WARN_ENUM_CONVERSION = YES;
				CLANG_WARN_INFINITE_RECURSION = YES;
				CLANG_WARN_INT_CONVERSION = YES;
				CLANG_WARN_NON_LITERAL_NULL_CONVERSION = YES;
				CLANG_WARN_OBJC_IMPLICIT_RETAIN_SELF = YES;
				CLANG_WARN_OBJC_LITERAL_CONVERSION = YES;
				CLANG_WARN_OBJC_ROOT_CLASS = YES_ERROR;
				CLANG_WARN_QUOTED_INCLUDE_IN_FRAMEWORK_HEADER = YES;
				CLANG_WARN_RANGE_LOOP_ANALYSIS = YES;
				CLANG_WARN_STRICT_PROTOTYPES = YES;
				CLANG_WARN_SUSPICIOUS_MOVE = YES;
				CLANG_WARN_UNGUARDED_AVAILABILITY = YES_AGGRESSIVE;
				CLANG_WARN_UNREACHABLE_CODE = YES;
				CLANG_WARN__DUPLICATE_METHOD_MATCH = YES;
				COPY_PHASE_STRIP = NO;
				DEBUG_INFORMATION_FORMAT = "dwarf-with-dsym";
				ENABLE_NS_ASSERTIONS = NO;
				ENABLE_STRICT_OBJC_MSGSEND = YES;
				GCC_C_LANGUAGE_STANDARD = gnu11;
				GCC_NO_COMMON_BLOCKS = YES;
				GCC_WARN_64_TO_32_BIT_CONVERSION = YES;
				GCC_WARN_ABOUT_RETURN_TYPE = YES_ERROR;
				GCC_WARN_UNDECLARED_SELECTOR = YES;
				GCC_WARN_UNINITIALIZED_AUTOS = YES_AGGRESSIVE;
				GCC_WARN_UNUSED_FUNCTION = YES;
				GCC_WARN_UNUSED_VARIABLE = YES;
				IPHONEOS_DEPLOYMENT_TARGET = 15.0;
				MTL_ENABLE_DEBUG_INFO = NO;
				MTL_FAST_MATH = YES;
				SDKROOT = iphoneos;
				SWIFT_COMPILATION_MODE = wholemodule;
				SWIFT_OPTIMIZATION_LEVEL = "-O";
				VALIDATE_PRODUCT = YES;
			};
			name = Release;
		};
		BD9BF47D2766070B0020CE8D /* Debug */ = {
			isa = XCBuildConfiguration;
			baseConfigurationReference = C49D66E500760FC89C4876C9 /* Pods-CoFi.debug.xcconfig */;
			buildSettings = {
				ASSETCATALOG_COMPILER_APPICON_NAME = AppIcon;
				ASSETCATALOG_COMPILER_GLOBAL_ACCENT_COLOR_NAME = AccentColor;
				CODE_SIGN_STYLE = Automatic;
				CURRENT_PROJECT_VERSION = 1;
				DEVELOPMENT_TEAM = RMQNS23DVX;
				GENERATE_INFOPLIST_FILE = YES;
				INFOPLIST_FILE = CoFi/Info.plist;
				INFOPLIST_KEY_UIApplicationSupportsIndirectInputEvents = YES;
				INFOPLIST_KEY_UILaunchStoryboardName = LaunchScreen;
				INFOPLIST_KEY_UISupportedInterfaceOrientations_iPad = "UIInterfaceOrientationPortrait UIInterfaceOrientationPortraitUpsideDown UIInterfaceOrientationLandscapeLeft UIInterfaceOrientationLandscapeRight";
				INFOPLIST_KEY_UISupportedInterfaceOrientations_iPhone = "UIInterfaceOrientationPortrait UIInterfaceOrientationLandscapeLeft UIInterfaceOrientationLandscapeRight";
				LD_RUNPATH_SEARCH_PATHS = (
					"$(inherited)",
					"@executable_path/Frameworks",
				);
				MARKETING_VERSION = 1.0;
				PRODUCT_BUNDLE_IDENTIFIER = com.ADAIL.CoFi;
				PRODUCT_NAME = "$(TARGET_NAME)";
				SWIFT_EMIT_LOC_STRINGS = YES;
				SWIFT_VERSION = 5.0;
				TARGETED_DEVICE_FAMILY = "1,2";
			};
			name = Debug;
		};
		BD9BF47E2766070B0020CE8D /* Release */ = {
			isa = XCBuildConfiguration;
			baseConfigurationReference = D25AE8296CFB22F3A961C7E4 /* Pods-CoFi.release.xcconfig */;
			buildSettings = {
				ASSETCATALOG_COMPILER_APPICON_NAME = AppIcon;
				ASSETCATALOG_COMPILER_GLOBAL_ACCENT_COLOR_NAME = AccentColor;
				CODE_SIGN_STYLE = Automatic;
				CURRENT_PROJECT_VERSION = 1;
				DEVELOPMENT_TEAM = RMQNS23DVX;
				GENERATE_INFOPLIST_FILE = YES;
				INFOPLIST_FILE = CoFi/Info.plist;
				INFOPLIST_KEY_UIApplicationSupportsIndirectInputEvents = YES;
				INFOPLIST_KEY_UILaunchStoryboardName = LaunchScreen;
				INFOPLIST_KEY_UISupportedInterfaceOrientations_iPad = "UIInterfaceOrientationPortrait UIInterfaceOrientationPortraitUpsideDown UIInterfaceOrientationLandscapeLeft UIInterfaceOrientationLandscapeRight";
				INFOPLIST_KEY_UISupportedInterfaceOrientations_iPhone = "UIInterfaceOrientationPortrait UIInterfaceOrientationLandscapeLeft UIInterfaceOrientationLandscapeRight";
				LD_RUNPATH_SEARCH_PATHS = (
					"$(inherited)",
					"@executable_path/Frameworks",
				);
				MARKETING_VERSION = 1.0;
				PRODUCT_BUNDLE_IDENTIFIER = com.ADAIL.CoFi;
				PRODUCT_NAME = "$(TARGET_NAME)";
				SWIFT_EMIT_LOC_STRINGS = YES;
				SWIFT_VERSION = 5.0;
				TARGETED_DEVICE_FAMILY = "1,2";
			};
			name = Release;
		};
/* End XCBuildConfiguration section */

/* Begin XCConfigurationList section */
		BD9BF463276607090020CE8D /* Build configuration list for PBXProject "CoFi" */ = {
			isa = XCConfigurationList;
			buildConfigurations = (
				BD9BF47A2766070B0020CE8D /* Debug */,
				BD9BF47B2766070B0020CE8D /* Release */,
			);
			defaultConfigurationIsVisible = 0;
			defaultConfigurationName = Release;
		};
		BD9BF47C2766070B0020CE8D /* Build configuration list for PBXNativeTarget "CoFi" */ = {
			isa = XCConfigurationList;
			buildConfigurations = (
				BD9BF47D2766070B0020CE8D /* Debug */,
				BD9BF47E2766070B0020CE8D /* Release */,
			);
			defaultConfigurationIsVisible = 0;
			defaultConfigurationName = Release;
		};
/* End XCConfigurationList section */
	};
	rootObject = BD9BF460276607090020CE8D /* Project object */;
}
